
Microsoft Visual Studio Solution File, Format Version 12.00
# Visual Studio Version 16
VisualStudioVersion = 16.0.31729.503
MinimumVisualStudioVersion = 10.0.40219.1
Project("{FAE04EC0-301F-11D3-BF4B-00C04F79EFBC}") = "Selecione_Calc_Jogo_ClassifAnimais", "Selecione_Calc_Jogo_ClassifAnimais\Selecione_Calc_Jogo_ClassifAnimais.csproj", "{B6E68681-6C70-4E7B-9670-92D4A6CA9BEF}"
EndProject
Global
	GlobalSection(SolutionConfigurationPlatforms) = preSolution
		Debug|Any CPU = Debug|Any CPU
		Release|Any CPU = Release|Any CPU
	EndGlobalSection
	GlobalSection(ProjectConfigurationPlatforms) = postSolution
		{B6E68681-6C70-4E7B-9670-92D4A6CA9BEF}.Debug|Any CPU.ActiveCfg = Debug|Any CPU
		{B6E68681-6C70-4E7B-9670-92D4A6CA9BEF}.Debug|Any CPU.Build.0 = Debug|Any CPU
		{B6E68681-6C70-4E7B-9670-92D4A6CA9BEF}.Release|Any CPU.ActiveCfg = Release|Any CPU
		{B6E68681-6C70-4E7B-9670-92D4A6CA9BEF}.Release|Any CPU.Build.0 = Release|Any CPU
	EndGlobalSection
	GlobalSection(SolutionProperties) = preSolution
		HideSolutionNode = FALSE
	EndGlobalSection
	GlobalSection(ExtensibilityGlobals) = postSolution
		SolutionGuid = {749C7833-745A-4057-BFF8-64D28A60DEA0}
	EndGlobalSection
EndGlobal
